
Microsoft Visual Studio Solution File, Format Version 12.00
# Visual Studio Version 16
VisualStudioVersion = 16.0.30406.217
MinimumVisualStudioVersion = 10.0.40219.1
Project("{FAE04EC0-301F-11D3-BF4B-00C04F79EFBC}") = "SampleEcommerce.MvcWeb", "SampleEcommerce.MvcWeb\SampleEcommerce.MvcWeb.csproj", "{FA6876ED-539E-4843-B232-4879F2EADB38}"
EndProject
Global
	GlobalSection(SolutionConfigurationPlatforms) = preSolution
		Debug|Any CPU = Debug|Any CPU
		Release|Any CPU = Release|Any CPU
	EndGlobalSection
	GlobalSection(ProjectConfigurationPlatforms) = postSolution
		{FA6876ED-539E-4843-B232-4879F2EADB38}.Debug|Any CPU.ActiveCfg = Debug|Any CPU
		{FA6876ED-539E-4843-B232-4879F2EADB38}.Debug|Any CPU.Build.0 = Debug|Any CPU
		{FA6876ED-539E-4843-B232-4879F2EADB38}.Release|Any CPU.ActiveCfg = Release|Any CPU
		{FA6876ED-539E-4843-B232-4879F2EADB38}.Release|Any CPU.Build.0 = Release|Any CPU
	EndGlobalSection
	GlobalSection(SolutionProperties) = preSolution
		HideSolutionNode = FALSE
	EndGlobalSection
	GlobalSection(ExtensibilityGlobals) = postSolution
		SolutionGuid = {0426D8C9-E70D-4238-95ED-4D9716413F0F}
	EndGlobalSection
EndGlobal
